Microsoft Visual Studio Solution File, Format Version 8.00
Project("{8BC9CEB8-8B4A-11D0-8D11-00A0C91BC942}") = "guilib", "guilib\guilib.vcproj", "{9B28366B-79F0-4361-B5C5-4608DFA8CF17}"
	ProjectSection(ProjectDependencies) = postProject
	EndProjectSection
EndProject
Project("{8BC9CEB8-8B4A-11D0-8D11-00A0C91BC942}") = "xbmc", "xbmc.vcproj", "{31103E92-4EE8-4F94-B67A-092C7CEFDB3D}"
	ProjectSection(ProjectDependencies) = postProject
		{9B28366B-79F0-4361-B5C5-4608DFA8CF17} = {9B28366B-79F0-4361-B5C5-4608DFA8CF17}
		{4E289D75-A493-4175-99FA-A96B79A9E452} = {4E289D75-A493-4175-99FA-A96B79A9E452}
		{D33D36E6-6E4B-4C1B-A820-A12C94CB1411} = {D33D36E6-6E4B-4C1B-A820-A12C94CB1411}
	EndProjectSection
EndProject
Project("{8BC9CEB8-8B4A-11D0-8D11-00A0C91BC942}") = "DllLoader", "xbmc\cores\DllLoader\DllLoader.vcproj", "{4E289D75-A493-4175-99FA-A96B79A9E452}"
	ProjectSection(ProjectDependencies) = postProject
	EndProjectSection
EndProject
Project("{8BC9CEB8-8B4A-11D0-8D11-00A0C91BC942}") = "XBFileZilla", "xbmc\lib\libFileZilla\XBFileZilla.vcproj", "{D33D36E6-6E4B-4C1B-A820-A12C94CB1411}"
	ProjectSection(ProjectDependencies) = postProject
	EndProjectSection
EndProject
Global
	GlobalSection(SolutionConfiguration) = preSolution
		Debug = Debug
		Debug Win32 = Debug Win32
		Debug Xbox = Debug Xbox
		Debug Xbox No Memory Tracking Xbox = Debug Xbox No Memory Tracking Xbox
		Profile Win32 = Profile Win32
		Profile Xbox = Profile Xbox
		Profile_FastCap Win32 = Profile_FastCap Win32
		Profile_FastCap Xbox = Profile_FastCap Xbox
		Release = Release
		Release Win32 = Release Win32
		Release Xbox = Release Xbox
		Release Xbox  Debugging Win32 = Release Xbox  Debugging Win32
		Release Xbox  Debugging Xbox = Release Xbox  Debugging Xbox
		Release_LTCG Win32 = Release_LTCG Win32
		Release_LTCG Xbox = Release_LTCG Xbox
	EndGlobalSection
	GlobalSection(ProjectConfiguration) = postSolution
		{9B28366B-79F0-4361-B5C5-4608DFA8CF17}.Debug.ActiveCfg = Debug|Xbox
		{9B28366B-79F0-4361-B5C5-4608DFA8CF17}.Debug.Build.0 = Debug|Xbox
		{9B28366B-79F0-4361-B5C5-4608DFA8CF17}.Debug Win32.ActiveCfg = Debug|Xbox
		{9B28366B-79F0-4361-B5C5-4608DFA8CF17}.Debug Win32.Build.0 = Debug|Xbox
		{9B28366B-79F0-4361-B5C5-4608DFA8CF17}.Debug Xbox.ActiveCfg = Debug|Xbox
		{9B28366B-79F0-4361-B5C5-4608DFA8CF17}.Debug Xbox.Build.0 = Debug|Xbox
		{9B28366B-79F0-4361-B5C5-4608DFA8CF17}.Debug Xbox No Memory Tracking Xbox.ActiveCfg = Debug Xbox No Memory Tracking|Xbox
		{9B28366B-79F0-4361-B5C5-4608DFA8CF17}.Debug Xbox No Memory Tracking Xbox.Build.0 = Debug Xbox No Memory Tracking|Xbox
		{9B28366B-79F0-4361-B5C5-4608DFA8CF17}.Profile Win32.ActiveCfg = Profile|Xbox
		{9B28366B-79F0-4361-B5C5-4608DFA8CF17}.Profile Win32.Build.0 = Profile|Xbox
		{9B28366B-79F0-4361-B5C5-4608DFA8CF17}.Profile Xbox.ActiveCfg = Profile|Xbox
		{9B28366B-79F0-4361-B5C5-4608DFA8CF17}.Profile Xbox.Build.0 = Profile|Xbox
		{9B28366B-79F0-4361-B5C5-4608DFA8CF17}.Profile_FastCap Win32.ActiveCfg = Profile_FastCap|Xbox
		{9B28366B-79F0-4361-B5C5-4608DFA8CF17}.Profile_FastCap Win32.Build.0 = Profile_FastCap|Xbox
		{9B28366B-79F0-4361-B5C5-4608DFA8CF17}.Profile_FastCap Xbox.ActiveCfg = Profile_FastCap|Xbox
		{9B28366B-79F0-4361-B5C5-4608DFA8CF17}.Profile_FastCap Xbox.Build.0 = Profile_FastCap|Xbox
		{9B28366B-79F0-4361-B5C5-4608DFA8CF17}.Release.ActiveCfg = Release|Xbox
		{9B28366B-79F0-4361-B5C5-4608DFA8CF17}.Release.Build.0 = Release|Xbox
		{9B28366B-79F0-4361-B5C5-4608DFA8CF17}.Release Win32.ActiveCfg = Release|Xbox
		{9B28366B-79F0-4361-B5C5-4608DFA8CF17}.Release Win32.Build.0 = Release|Xbox
		{9B28366B-79F0-4361-B5C5-4608DFA8CF17}.Release Xbox.ActiveCfg = Release|Xbox
		{9B28366B-79F0-4361-B5C5-4608DFA8CF17}.Release Xbox.Build.0 = Release|Xbox
		{9B28366B-79F0-4361-B5C5-4608DFA8CF17}.Release Xbox  Debugging Win32.ActiveCfg = Release Xbox  Debugging|Xbox
		{9B28366B-79F0-4361-B5C5-4608DFA8CF17}.Release Xbox  Debugging Win32.Build.0 = Release Xbox  Debugging|Xbox
		{9B28366B-79F0-4361-B5C5-4608DFA8CF17}.Release Xbox  Debugging Xbox.ActiveCfg = Release Xbox  Debugging|Xbox
		{9B28366B-79F0-4361-B5C5-4608DFA8CF17}.Release Xbox  Debugging Xbox.Build.0 = Release Xbox  Debugging|Xbox
		{9B28366B-79F0-4361-B5C5-4608DFA8CF17}.Release_LTCG Win32.ActiveCfg = Release_LTCG|Xbox
		{9B28366B-79F0-4361-B5C5-4608DFA8CF17}.Release_LTCG Win32.Build.0 = Release_LTCG|Xbox
		{9B28366B-79F0-4361-B5C5-4608DFA8CF17}.Release_LTCG Xbox.ActiveCfg = Release_LTCG|Xbox
		{9B28366B-79F0-4361-B5C5-4608DFA8CF17}.Release_LTCG Xbox.Build.0 = Release_LTCG|Xbox
		{31103E92-4EE8-4F94-B67A-092C7CEFDB3D}.Debug.ActiveCfg = Debug|Xbox
		{31103E92-4EE8-4F94-B67A-092C7CEFDB3D}.Debug.Build.0 = Debug|Xbox
		{31103E92-4EE8-4F94-B67A-092C7CEFDB3D}.Debug Win32.ActiveCfg = Debug|Xbox
		{31103E92-4EE8-4F94-B67A-092C7CEFDB3D}.Debug Win32.Build.0 = Debug|Xbox
		{31103E92-4EE8-4F94-B67A-092C7CEFDB3D}.Debug Xbox.ActiveCfg = Debug|Xbox
		{31103E92-4EE8-4F94-B67A-092C7CEFDB3D}.Debug Xbox.Build.0 = Debug|Xbox
		{31103E92-4EE8-4F94-B67A-092C7CEFDB3D}.Debug Xbox No Memory Tracking Xbox.ActiveCfg = Debug Xbox No Memory Tracking|Xbox
		{31103E92-4EE8-4F94-B67A-092C7CEFDB3D}.Debug Xbox No Memory Tracking Xbox.Build.0 = Debug Xbox No Memory Tracking|Xbox
		{31103E92-4EE8-4F94-B67A-092C7CEFDB3D}.Profile Win32.ActiveCfg = Profile|Xbox
		{31103E92-4EE8-4F94-B67A-092C7CEFDB3D}.Profile Win32.Build.0 = Profile|Xbox
		{31103E92-4EE8-4F94-B67A-092C7CEFDB3D}.Profile Xbox.ActiveCfg = Profile|Xbox
		{31103E92-4EE8-4F94-B67A-092C7CEFDB3D}.Profile Xbox.Build.0 = Profile|Xbox
		{31103E92-4EE8-4F94-B67A-092C7CEFDB3D}.Profile_FastCap Win32.ActiveCfg = Profile_FastCap|Xbox
		{31103E92-4EE8-4F94-B67A-092C7CEFDB3D}.Profile_FastCap Win32.Build.0 = Profile_FastCap|Xbox
		{31103E92-4EE8-4F94-B67A-092C7CEFDB3D}.Profile_FastCap Xbox.ActiveCfg = Profile_FastCap|Xbox
		{31103E92-4EE8-4F94-B67A-092C7CEFDB3D}.Profile_FastCap Xbox.Build.0 = Profile_FastCap|Xbox
		{31103E92-4EE8-4F94-B67A-092C7CEFDB3D}.Release.ActiveCfg = Release|Xbox
		{31103E92-4EE8-4F94-B67A-092C7CEFDB3D}.Release.Build.0 = Release|Xbox
		{31103E92-4EE8-4F94-B67A-092C7CEFDB3D}.Release Win32.ActiveCfg = Release|Xbox
		{31103E92-4EE8-4F94-B67A-092C7CEFDB3D}.Release Win32.Build.0 = Release|Xbox
		{31103E92-4EE8-4F94-B67A-092C7CEFDB3D}.Release Xbox.ActiveCfg = Release|Xbox
		{31103E92-4EE8-4F94-B67A-092C7CEFDB3D}.Release Xbox.Build.0 = Release|Xbox
		{31103E92-4EE8-4F94-B67A-092C7CEFDB3D}.Release Xbox  Debugging Win32.ActiveCfg = Release Xbox  Debugging|Xbox
		{31103E92-4EE8-4F94-B67A-092C7CEFDB3D}.Release Xbox  Debugging Win32.Build.0 = Release Xbox  Debugging|Xbox
		{31103E92-4EE8-4F94-B67A-092C7CEFDB3D}.Release Xbox  Debugging Xbox.ActiveCfg = Release Xbox  Debugging|Xbox
		{31103E92-4EE8-4F94-B67A-092C7CEFDB3D}.Release Xbox  Debugging Xbox.Build.0 = Release Xbox  Debugging|Xbox
		{31103E92-4EE8-4F94-B67A-092C7CEFDB3D}.Release_LTCG Win32.ActiveCfg = Release_LTCG|Xbox
		{31103E92-4EE8-4F94-B67A-092C7CEFDB3D}.Release_LTCG Win32.Build.0 = Release_LTCG|Xbox
		{31103E92-4EE8-4F94-B67A-092C7CEFDB3D}.Release_LTCG Xbox.ActiveCfg = Release_LTCG|Xbox
		{31103E92-4EE8-4F94-B67A-092C7CEFDB3D}.Release_LTCG Xbox.Build.0 = Release_LTCG|Xbox
		{4E289D75-A493-4175-99FA-A96B79A9E452}.Debug.ActiveCfg = Debug|Xbox
		{4E289D75-A493-4175-99FA-A96B79A9E452}.Debug.Build.0 = Debug|Xbox
		{4E289D75-A493-4175-99FA-A96B79A9E452}.Debug Win32.ActiveCfg = Debug|Xbox
		{4E289D75-A493-4175-99FA-A96B79A9E452}.Debug Win32.Build.0 = Debug|Xbox
		{4E289D75-A493-4175-99FA-A96B79A9E452}.Debug Xbox.ActiveCfg = Debug|Xbox
		{4E289D75-A493-4175-99FA-A96B79A9E452}.Debug Xbox.Build.0 = Debug|Xbox
		{4E289D75-A493-4175-99FA-A96B79A9E452}.Debug Xbox No Memory Tracking Xbox.ActiveCfg = Debug Xbox No Memory Tracking|Xbox
		{4E289D75-A493-4175-99FA-A96B79A9E452}.Debug Xbox No Memory Tracking Xbox.Build.0 = Debug Xbox No Memory Tracking|Xbox
		{4E289D75-A493-4175-99FA-A96B79A9E452}.Profile Win32.ActiveCfg = Profile|Win32
		{4E289D75-A493-4175-99FA-A96B79A9E452}.Profile Win32.Build.0 = Profile|Win32
		{4E289D75-A493-4175-99FA-A96B79A9E452}.Profile Xbox.ActiveCfg = Profile|Xbox
		{4E289D75-A493-4175-99FA-A96B79A9E452}.Profile Xbox.Build.0 = Profile|Xbox
		{4E289D75-A493-4175-99FA-A96B79A9E452}.Profile_FastCap Win32.ActiveCfg = Profile_FastCap|Win32
		{4E289D75-A493-4175-99FA-A96B79A9E452}.Profile_FastCap Win32.Build.0 = Profile_FastCap|Win32
		{4E289D75-A493-4175-99FA-A96B79A9E452}.Profile_FastCap Xbox.ActiveCfg = Profile_FastCap|Xbox
		{4E289D75-A493-4175-99FA-A96B79A9E452}.Profile_FastCap Xbox.Build.0 = Profile_FastCap|Xbox
		{4E289D75-A493-4175-99FA-A96B79A9E452}.Release.ActiveCfg = Release|Xbox
		{4E289D75-A493-4175-99FA-A96B79A9E452}.Release.Build.0 = Release|Xbox
		{4E289D75-A493-4175-99FA-A96B79A9E452}.Release Win32.ActiveCfg = Release|Xbox
		{4E289D75-A493-4175-99FA-A96B79A9E452}.Release Win32.Build.0 = Release|Xbox
		{4E289D75-A493-4175-99FA-A96B79A9E452}.Release Xbox.ActiveCfg = Release|Xbox
		{4E289D75-A493-4175-99FA-A96B79A9E452}.Release Xbox.Build.0 = Release|Xbox
		{4E289D75-A493-4175-99FA-A96B79A9E452}.Release Xbox  Debugging Win32.ActiveCfg = Release Xbox  Debugging|Xbox
		{4E289D75-A493-4175-99FA-A96B79A9E452}.Release Xbox  Debugging Win32.Build.0 = Release Xbox  Debugging|Xbox
		{4E289D75-A493-4175-99FA-A96B79A9E452}.Release Xbox  Debugging Xbox.ActiveCfg = Release Xbox  Debugging|Xbox
		{4E289D75-A493-4175-99FA-A96B79A9E452}.Release Xbox  Debugging Xbox.Build.0 = Release Xbox  Debugging|Xbox
		{4E289D75-A493-4175-99FA-A96B79A9E452}.Release_LTCG Win32.ActiveCfg = Release_LTCG|Win32
		{4E289D75-A493-4175-99FA-A96B79A9E452}.Release_LTCG Win32.Build.0 = Release_LTCG|Win32
		{4E289D75-A493-4175-99FA-A96B79A9E452}.Release_LTCG Xbox.ActiveCfg = Release_LTCG|Xbox
		{4E289D75-A493-4175-99FA-A96B79A9E452}.Release_LTCG Xbox.Build.0 = Release_LTCG|Xbox
		{D33D36E6-6E4B-4C1B-A820-A12C94CB1411}.Debug.ActiveCfg = Debug|Xbox
		{D33D36E6-6E4B-4C1B-A820-A12C94CB1411}.Debug.Build.0 = Debug|Xbox
		{D33D36E6-6E4B-4C1B-A820-A12C94CB1411}.Debug Win32.ActiveCfg = Debug|Xbox
		{D33D36E6-6E4B-4C1B-A820-A12C94CB1411}.Debug Win32.Build.0 = Debug|Xbox
		{D33D36E6-6E4B-4C1B-A820-A12C94CB1411}.Debug Xbox.ActiveCfg = Debug|Xbox
		{D33D36E6-6E4B-4C1B-A820-A12C94CB1411}.Debug Xbox.Build.0 = Debug|Xbox
		{D33D36E6-6E4B-4C1B-A820-A12C94CB1411}.Debug Xbox No Memory Tracking Xbox.ActiveCfg = Debug Xbox No Memory Tracking|Xbox
		{D33D36E6-6E4B-4C1B-A820-A12C94CB1411}.Debug Xbox No Memory Tracking Xbox.Build.0 = Debug Xbox No Memory Tracking|Xbox
		{D33D36E6-6E4B-4C1B-A820-A12C94CB1411}.Profile Win32.ActiveCfg = Debug|Xbox
		{D33D36E6-6E4B-4C1B-A820-A12C94CB1411}.Profile Win32.Build.0 = Debug|Xbox
		{D33D36E6-6E4B-4C1B-A820-A12C94CB1411}.Profile Xbox.ActiveCfg = Debug|Xbox
		{D33D36E6-6E4B-4C1B-A820-A12C94CB1411}.Profile Xbox.Build.0 = Debug|Xbox
		{D33D36E6-6E4B-4C1B-A820-A12C94CB1411}.Profile_FastCap Win32.ActiveCfg = Debug|Xbox
		{D33D36E6-6E4B-4C1B-A820-A12C94CB1411}.Profile_FastCap Win32.Build.0 = Debug|Xbox
		{D33D36E6-6E4B-4C1B-A820-A12C94CB1411}.Profile_FastCap Xbox.ActiveCfg = Debug|Xbox
		{D33D36E6-6E4B-4C1B-A820-A12C94CB1411}.Profile_FastCap Xbox.Build.0 = Debug|Xbox
		{D33D36E6-6E4B-4C1B-A820-A12C94CB1411}.Release.ActiveCfg = Release|Xbox
		{D33D36E6-6E4B-4C1B-A820-A12C94CB1411}.Release.Build.0 = Release|Xbox
		{D33D36E6-6E4B-4C1B-A820-A12C94CB1411}.Release Win32.ActiveCfg = Release|Xbox
		{D33D36E6-6E4B-4C1B-A820-A12C94CB1411}.Release Win32.Build.0 = Release|Xbox
		{D33D36E6-6E4B-4C1B-A820-A12C94CB1411}.Release Xbox.ActiveCfg = Release|Xbox
		{D33D36E6-6E4B-4C1B-A820-A12C94CB1411}.Release Xbox.Build.0 = Release|Xbox
		{D33D36E6-6E4B-4C1B-A820-A12C94CB1411}.Release Xbox  Debugging Win32.ActiveCfg = Release|Xbox
		{D33D36E6-6E4B-4C1B-A820-A12C94CB1411}.Release Xbox  Debugging Win32.Build.0 = Release|Xbox
		{D33D36E6-6E4B-4C1B-A820-A12C94CB1411}.Release Xbox  Debugging Xbox.ActiveCfg = Release|Xbox
		{D33D36E6-6E4B-4C1B-A820-A12C94CB1411}.Release Xbox  Debugging Xbox.Build.0 = Release|Xbox
		{D33D36E6-6E4B-4C1B-A820-A12C94CB1411}.Release_LTCG Win32.ActiveCfg = Release|Xbox
		{D33D36E6-6E4B-4C1B-A820-A12C94CB1411}.Release_LTCG Win32.Build.0 = Release|Xbox
		{D33D36E6-6E4B-4C1B-A820-A12C94CB1411}.Release_LTCG Xbox.ActiveCfg = Release|Xbox
		{D33D36E6-6E4B-4C1B-A820-A12C94CB1411}.Release_LTCG Xbox.Build.0 = Release|Xbox
	EndGlobalSection
	GlobalSection(ExtensibilityGlobals) = postSolution
	EndGlobalSection
	GlobalSection(ExtensibilityAddIns) = postSolution
	EndGlobalSection
EndGlobal
