
Microsoft Visual Studio Solution File, Format Version 10.00
# Visual Studio 2008
Project("{8BC9CEB8-8B4A-11D0-8D11-00A0C91BC942}") = "MediaInfoDll", "Dll\MediaInfoDll.vcproj", "{BE6D3EF8-2F82-4F1E-956A-890C3614A2D5}"
	ProjectSection(ProjectDependencies) = postProject
		{20E0F8D6-213C-460B-B361-9C725CB375C7} = {20E0F8D6-213C-460B-B361-9C725CB375C7}
	EndProjectSection
EndProject
Project("{8BC9CEB8-8B4A-11D0-8D11-00A0C91BC942}") = "MediaInfoLib", "Library\MediaInfoLib.vcproj", "{20E0F8D6-213C-460B-B361-9C725CB375C7}"
	ProjectSection(ProjectDependencies) = postProject
		{0DA1DA7D-F393-4E7C-A7CE-CB5C6A67BC94} = {0DA1DA7D-F393-4E7C-A7CE-CB5C6A67BC94}
		{FD328AE2-5136-460F-A622-12CFD4D4C131} = {FD328AE2-5136-460F-A622-12CFD4D4C131}
	EndProjectSection
EndProject
Project("{8BC9CEB8-8B4A-11D0-8D11-00A0C91BC942}") = "MediaInfoShellExt", "ShellExtension\MediaInfoShellExt.vcproj", "{E987FD96-6BE1-45AF-9293-46B8A6695E6A}"
	ProjectSection(ProjectDependencies) = postProject
		{BE6D3EF8-2F82-4F1E-956A-890C3614A2D5} = {BE6D3EF8-2F82-4F1E-956A-890C3614A2D5}
	EndProjectSection
EndProject
Project("{8BC9CEB8-8B4A-11D0-8D11-00A0C91BC942}") = "HowToUse_Dll", "Example\HowToUse_Dll.vcproj", "{51E7EE1D-D4DD-4374-976C-66519B3B94DF}"
	ProjectSection(ProjectDependencies) = postProject
		{BE6D3EF8-2F82-4F1E-956A-890C3614A2D5} = {BE6D3EF8-2F82-4F1E-956A-890C3614A2D5}
	EndProjectSection
EndProject
Project("{8BC9CEB8-8B4A-11D0-8D11-00A0C91BC942}") = "ZenLib", "..\..\..\ZenLib\Project\MSVC\Library\ZenLib.vcproj", "{0DA1DA7D-F393-4E7C-A7CE-CB5C6A67BC94}"
EndProject
Project("{8BC9CEB8-8B4A-11D0-8D11-00A0C91BC942}") = "zlib", "..\..\..\zlib\projects\MSVC\zlib.vcproj", "{FD328AE2-5136-460F-A622-12CFD4D4C131}"
EndProject
Project("{2150E333-8FDC-42A3-9474-1A3956D46DE8}") = "ThirdParty", "ThirdParty", "{F696A30D-66C6-46A8-B1BC-04B13BF14290}"
EndProject
Global
	GlobalSection(SolutionConfigurationPlatforms) = preSolution
		Debug|Win32 = Debug|Win32
		Debug|x64 = Debug|x64
		DebugA|Win32 = DebugA|Win32
		DebugA|x64 = DebugA|x64
		Release|Win32 = Release|Win32
		Release|x64 = Release|x64
		ReleaseA|Win32 = ReleaseA|Win32
		ReleaseA|x64 = ReleaseA|x64
	EndGlobalSection
	GlobalSection(ProjectConfigurationPlatforms) = postSolution
		{BE6D3EF8-2F82-4F1E-956A-890C3614A2D5}.Debug|Win32.ActiveCfg = Debug|Win32
		{BE6D3EF8-2F82-4F1E-956A-890C3614A2D5}.Debug|Win32.Build.0 = Debug|Win32
		{BE6D3EF8-2F82-4F1E-956A-890C3614A2D5}.Debug|x64.ActiveCfg = Debug|x64
		{BE6D3EF8-2F82-4F1E-956A-890C3614A2D5}.Debug|x64.Build.0 = Debug|x64
		{BE6D3EF8-2F82-4F1E-956A-890C3614A2D5}.DebugA|Win32.ActiveCfg = DebugA|Win32
		{BE6D3EF8-2F82-4F1E-956A-890C3614A2D5}.DebugA|Win32.Build.0 = DebugA|Win32
		{BE6D3EF8-2F82-4F1E-956A-890C3614A2D5}.DebugA|x64.ActiveCfg = DebugA|x64
		{BE6D3EF8-2F82-4F1E-956A-890C3614A2D5}.DebugA|x64.Build.0 = DebugA|x64
		{BE6D3EF8-2F82-4F1E-956A-890C3614A2D5}.Release|Win32.ActiveCfg = Release|Win32
		{BE6D3EF8-2F82-4F1E-956A-890C3614A2D5}.Release|Win32.Build.0 = Release|Win32
		{BE6D3EF8-2F82-4F1E-956A-890C3614A2D5}.Release|x64.ActiveCfg = Release|x64
		{BE6D3EF8-2F82-4F1E-956A-890C3614A2D5}.Release|x64.Build.0 = Release|x64
		{BE6D3EF8-2F82-4F1E-956A-890C3614A2D5}.ReleaseA|Win32.ActiveCfg = ReleaseA|Win32
		{BE6D3EF8-2F82-4F1E-956A-890C3614A2D5}.ReleaseA|Win32.Build.0 = ReleaseA|Win32
		{BE6D3EF8-2F82-4F1E-956A-890C3614A2D5}.ReleaseA|x64.ActiveCfg = ReleaseA|x64
		{BE6D3EF8-2F82-4F1E-956A-890C3614A2D5}.ReleaseA|x64.Build.0 = ReleaseA|x64
		{20E0F8D6-213C-460B-B361-9C725CB375C7}.Debug|Win32.ActiveCfg = Debug|Win32
		{20E0F8D6-213C-460B-B361-9C725CB375C7}.Debug|Win32.Build.0 = Debug|Win32
		{20E0F8D6-213C-460B-B361-9C725CB375C7}.Debug|x64.ActiveCfg = Debug|x64
		{20E0F8D6-213C-460B-B361-9C725CB375C7}.Debug|x64.Build.0 = Debug|x64
		{20E0F8D6-213C-460B-B361-9C725CB375C7}.DebugA|Win32.ActiveCfg = DebugA|Win32
		{20E0F8D6-213C-460B-B361-9C725CB375C7}.DebugA|Win32.Build.0 = DebugA|Win32
		{20E0F8D6-213C-460B-B361-9C725CB375C7}.DebugA|x64.ActiveCfg = DebugA|x64
		{20E0F8D6-213C-460B-B361-9C725CB375C7}.DebugA|x64.Build.0 = DebugA|x64
		{20E0F8D6-213C-460B-B361-9C725CB375C7}.Release|Win32.ActiveCfg = Release|Win32
		{20E0F8D6-213C-460B-B361-9C725CB375C7}.Release|Win32.Build.0 = Release|Win32
		{20E0F8D6-213C-460B-B361-9C725CB375C7}.Release|x64.ActiveCfg = Release|x64
		{20E0F8D6-213C-460B-B361-9C725CB375C7}.Release|x64.Build.0 = Release|x64
		{20E0F8D6-213C-460B-B361-9C725CB375C7}.ReleaseA|Win32.ActiveCfg = ReleaseA|Win32
		{20E0F8D6-213C-460B-B361-9C725CB375C7}.ReleaseA|Win32.Build.0 = ReleaseA|Win32
		{20E0F8D6-213C-460B-B361-9C725CB375C7}.ReleaseA|x64.ActiveCfg = ReleaseA|x64
		{20E0F8D6-213C-460B-B361-9C725CB375C7}.ReleaseA|x64.Build.0 = ReleaseA|x64
		{E987FD96-6BE1-45AF-9293-46B8A6695E6A}.Debug|Win32.ActiveCfg = Debug|Win32
		{E987FD96-6BE1-45AF-9293-46B8A6695E6A}.Debug|Win32.Build.0 = Debug|Win32
		{E987FD96-6BE1-45AF-9293-46B8A6695E6A}.Debug|x64.ActiveCfg = Debug|x64
		{E987FD96-6BE1-45AF-9293-46B8A6695E6A}.Debug|x64.Build.0 = Debug|x64
		{E987FD96-6BE1-45AF-9293-46B8A6695E6A}.DebugA|Win32.ActiveCfg = Debug|x64
		{E987FD96-6BE1-45AF-9293-46B8A6695E6A}.DebugA|x64.ActiveCfg = Debug|x64
		{E987FD96-6BE1-45AF-9293-46B8A6695E6A}.DebugA|x64.Build.0 = Debug|x64
		{E987FD96-6BE1-45AF-9293-46B8A6695E6A}.Release|Win32.ActiveCfg = Release|Win32
		{E987FD96-6BE1-45AF-9293-46B8A6695E6A}.Release|Win32.Build.0 = Release|Win32
		{E987FD96-6BE1-45AF-9293-46B8A6695E6A}.Release|x64.ActiveCfg = Release|x64
		{E987FD96-6BE1-45AF-9293-46B8A6695E6A}.Release|x64.Build.0 = Release|x64
		{E987FD96-6BE1-45AF-9293-46B8A6695E6A}.ReleaseA|Win32.ActiveCfg = Release|x64
		{E987FD96-6BE1-45AF-9293-46B8A6695E6A}.ReleaseA|x64.ActiveCfg = Release|x64
		{E987FD96-6BE1-45AF-9293-46B8A6695E6A}.ReleaseA|x64.Build.0 = Release|x64
		{51E7EE1D-D4DD-4374-976C-66519B3B94DF}.Debug|Win32.ActiveCfg = Debug|Win32
		{51E7EE1D-D4DD-4374-976C-66519B3B94DF}.Debug|Win32.Build.0 = Debug|Win32
		{51E7EE1D-D4DD-4374-976C-66519B3B94DF}.Debug|x64.ActiveCfg = Debug|x64
		{51E7EE1D-D4DD-4374-976C-66519B3B94DF}.Debug|x64.Build.0 = Debug|x64
		{51E7EE1D-D4DD-4374-976C-66519B3B94DF}.DebugA|Win32.ActiveCfg = DebugA|Win32
		{51E7EE1D-D4DD-4374-976C-66519B3B94DF}.DebugA|Win32.Build.0 = DebugA|Win32
		{51E7EE1D-D4DD-4374-976C-66519B3B94DF}.DebugA|x64.ActiveCfg = DebugA|x64
		{51E7EE1D-D4DD-4374-976C-66519B3B94DF}.DebugA|x64.Build.0 = DebugA|x64
		{51E7EE1D-D4DD-4374-976C-66519B3B94DF}.Release|Win32.ActiveCfg = Release|Win32
		{51E7EE1D-D4DD-4374-976C-66519B3B94DF}.Release|Win32.Build.0 = Release|Win32
		{51E7EE1D-D4DD-4374-976C-66519B3B94DF}.Release|x64.ActiveCfg = Release|x64
		{51E7EE1D-D4DD-4374-976C-66519B3B94DF}.Release|x64.Build.0 = Release|x64
		{51E7EE1D-D4DD-4374-976C-66519B3B94DF}.ReleaseA|Win32.ActiveCfg = ReleaseA|Win32
		{51E7EE1D-D4DD-4374-976C-66519B3B94DF}.ReleaseA|Win32.Build.0 = ReleaseA|Win32
		{51E7EE1D-D4DD-4374-976C-66519B3B94DF}.ReleaseA|x64.ActiveCfg = ReleaseA|x64
		{51E7EE1D-D4DD-4374-976C-66519B3B94DF}.ReleaseA|x64.Build.0 = ReleaseA|x64
		{0DA1DA7D-F393-4E7C-A7CE-CB5C6A67BC94}.Debug|Win32.ActiveCfg = Debug|Win32
		{0DA1DA7D-F393-4E7C-A7CE-CB5C6A67BC94}.Debug|Win32.Build.0 = Debug|Win32
		{0DA1DA7D-F393-4E7C-A7CE-CB5C6A67BC94}.Debug|x64.ActiveCfg = Debug|x64
		{0DA1DA7D-F393-4E7C-A7CE-CB5C6A67BC94}.Debug|x64.Build.0 = Debug|x64
		{0DA1DA7D-F393-4E7C-A7CE-CB5C6A67BC94}.DebugA|Win32.ActiveCfg = DebugA|Win32
		{0DA1DA7D-F393-4E7C-A7CE-CB5C6A67BC94}.DebugA|Win32.Build.0 = DebugA|Win32
		{0DA1DA7D-F393-4E7C-A7CE-CB5C6A67BC94}.DebugA|x64.ActiveCfg = DebugA|x64
		{0DA1DA7D-F393-4E7C-A7CE-CB5C6A67BC94}.DebugA|x64.Build.0 = DebugA|x64
		{0DA1DA7D-F393-4E7C-A7CE-CB5C6A67BC94}.Release|Win32.ActiveCfg = Release|Win32
		{0DA1DA7D-F393-4E7C-A7CE-CB5C6A67BC94}.Release|Win32.Build.0 = Release|Win32
		{0DA1DA7D-F393-4E7C-A7CE-CB5C6A67BC94}.Release|x64.ActiveCfg = Release|x64
		{0DA1DA7D-F393-4E7C-A7CE-CB5C6A67BC94}.Release|x64.Build.0 = Release|x64
		{0DA1DA7D-F393-4E7C-A7CE-CB5C6A67BC94}.ReleaseA|Win32.ActiveCfg = ReleaseA|Win32
		{0DA1DA7D-F393-4E7C-A7CE-CB5C6A67BC94}.ReleaseA|Win32.Build.0 = ReleaseA|Win32
		{0DA1DA7D-F393-4E7C-A7CE-CB5C6A67BC94}.ReleaseA|x64.ActiveCfg = ReleaseA|x64
		{0DA1DA7D-F393-4E7C-A7CE-CB5C6A67BC94}.ReleaseA|x64.Build.0 = ReleaseA|x64
		{FD328AE2-5136-460F-A622-12CFD4D4C131}.Debug|Win32.ActiveCfg = Debug|Win32
		{FD328AE2-5136-460F-A622-12CFD4D4C131}.Debug|Win32.Build.0 = Debug|Win32
		{FD328AE2-5136-460F-A622-12CFD4D4C131}.Debug|x64.ActiveCfg = Debug|x64
		{FD328AE2-5136-460F-A622-12CFD4D4C131}.Debug|x64.Build.0 = Debug|x64
		{FD328AE2-5136-460F-A622-12CFD4D4C131}.DebugA|Win32.ActiveCfg = Debug|x64
		{FD328AE2-5136-460F-A622-12CFD4D4C131}.DebugA|x64.ActiveCfg = Debug|x64
		{FD328AE2-5136-460F-A622-12CFD4D4C131}.DebugA|x64.Build.0 = Debug|x64
		{FD328AE2-5136-460F-A622-12CFD4D4C131}.Release|Win32.ActiveCfg = Release|Win32
		{FD328AE2-5136-460F-A622-12CFD4D4C131}.Release|Win32.Build.0 = Release|Win32
		{FD328AE2-5136-460F-A622-12CFD4D4C131}.Release|x64.ActiveCfg = Release|x64
		{FD328AE2-5136-460F-A622-12CFD4D4C131}.Release|x64.Build.0 = Release|x64
		{FD328AE2-5136-460F-A622-12CFD4D4C131}.ReleaseA|Win32.ActiveCfg = Release|x64
		{FD328AE2-5136-460F-A622-12CFD4D4C131}.ReleaseA|x64.ActiveCfg = Release|x64
		{FD328AE2-5136-460F-A622-12CFD4D4C131}.ReleaseA|x64.Build.0 = Release|x64
	EndGlobalSection
	GlobalSection(SolutionProperties) = preSolution
		HideSolutionNode = FALSE
	EndGlobalSection
	GlobalSection(NestedProjects) = preSolution
		{0DA1DA7D-F393-4E7C-A7CE-CB5C6A67BC94} = {F696A30D-66C6-46A8-B1BC-04B13BF14290}
		{FD328AE2-5136-460F-A622-12CFD4D4C131} = {F696A30D-66C6-46A8-B1BC-04B13BF14290}
	EndGlobalSection
EndGlobal
