Microsoft Visual Studio Solution File, Format Version 10.00
# Visual Studio 2008
Project("{8BC9CEB8-8B4A-11D0-8D11-00A0C91BC942}") = "pvrclient_mptv", "XBMC_MPTV.vcproj", "{74C9642E-1988-48DC-8404-11717C355378}"
EndProject
Global
	GlobalSection(SolutionConfigurationPlatforms) = preSolution
		Debug|Win32 = Debug|Win32
		Release|Win32 = Release|Win32
	EndGlobalSection
	GlobalSection(ProjectConfigurationPlatforms) = postSolution
		{74C9642E-1988-48DC-8404-11717C355378}.Debug|Win32.ActiveCfg = Debug|Win32
		{74C9642E-1988-48DC-8404-11717C355378}.Debug|Win32.Build.0 = Debug|Win32
		{74C9642E-1988-48DC-8404-11717C355378}.Release|Win32.ActiveCfg = Release|Win32
		{74C9642E-1988-48DC-8404-11717C355378}.Release|Win32.Build.0 = Release|Win32
	EndGlobalSection
	GlobalSection(SolutionProperties) = preSolution
		HideSolutionNode = FALSE
	EndGlobalSection
EndGlobal
