<?xml version="1.0" encoding="utf-8"?>
<Project ToolsVersion="4.0" xmlns="http://schemas.microsoft.com/developer/msbuild/2003">
  <ItemGroup>
    <Filter Include="Source Files">
      <UniqueIdentifier>{e42e67d3-e7c7-4403-b93b-72f53204373c}</UniqueIdentifier>
      <Extensions>c</Extensions>
    </Filter>
    <Filter Include="Header Files">
      <UniqueIdentifier>{bfefcaaf-7efb-4360-94ec-e20bfdeecee5}</UniqueIdentifier>
      <Extensions>h</Extensions>
    </Filter>
    <Filter Include="Data Files">
      <UniqueIdentifier>{8669ca8b-f8a0-4e98-81b3-2b9a9bad683d}</UniqueIdentifier>
      <Extensions>dat</Extensions>
    </Filter>
  </ItemGroup>
  <ItemGroup>
    <ClCompile Include="..\compat2.c">
      <Filter>Source Files</Filter>
    </ClCompile>
    <ClCompile Include="..\crc.c">
      <Filter>Source Files</Filter>
    </ClCompile>
    <ClCompile Include="..\debug.c">
      <Filter>Source Files</Filter>
    </ClCompile>
    <ClCompile Include="..\field.c">
      <Filter>Source Files</Filter>
    </ClCompile>
    <ClCompile Include="..\file.c">
      <Filter>Source Files</Filter>
    </ClCompile>
    <ClCompile Include="..\frame.c">
      <Filter>Source Files</Filter>
    </ClCompile>
    <ClCompile Include="..\frametype-9754.c">
      <Filter>Source Files</Filter>
    </ClCompile>
    <ClCompile Include="..\genre.c">
      <Filter>Source Files</Filter>
    </ClCompile>
    <ClCompile Include="..\latin1.c">
      <Filter>Source Files</Filter>
    </ClCompile>
    <ClCompile Include="..\metadata.c">
      <Filter>Source Files</Filter>
    </ClCompile>
    <ClCompile Include="..\parse.c">
      <Filter>Source Files</Filter>
    </ClCompile>
    <ClCompile Include="..\render.c">
      <Filter>Source Files</Filter>
    </ClCompile>
    <ClCompile Include="..\tag.c">
      <Filter>Source Files</Filter>
    </ClCompile>
    <ClCompile Include="..\ucs4.c">
      <Filter>Source Files</Filter>
    </ClCompile>
    <ClCompile Include="..\utf16.c">
      <Filter>Source Files</Filter>
    </ClCompile>
    <ClCompile Include="..\utf8.c">
      <Filter>Source Files</Filter>
    </ClCompile>
    <ClCompile Include="..\util.c">
      <Filter>Source Files</Filter>
    </ClCompile>
    <ClCompile Include="..\version.c">
      <Filter>Source Files</Filter>
    </ClCompile>
  </ItemGroup>
  <ItemGroup>
    <ClInclude Include="..\compat.h">
      <Filter>Header Files</Filter>
    </ClInclude>
    <ClInclude Include="config.h">
      <Filter>Header Files</Filter>
    </ClInclude>
    <ClInclude Include="..\crc.h">
      <Filter>Header Files</Filter>
    </ClInclude>
    <ClInclude Include="..\debug.h">
      <Filter>Header Files</Filter>
    </ClInclude>
    <ClInclude Include="..\field.h">
      <Filter>Header Files</Filter>
    </ClInclude>
    <ClInclude Include="..\file.h">
      <Filter>Header Files</Filter>
    </ClInclude>
    <ClInclude Include="..\frame.h">
      <Filter>Header Files</Filter>
    </ClInclude>
    <ClInclude Include="..\frametype.h">
      <Filter>Header Files</Filter>
    </ClInclude>
    <ClInclude Include="..\genre.h">
      <Filter>Header Files</Filter>
    </ClInclude>
    <ClInclude Include="..\global.h">
      <Filter>Header Files</Filter>
    </ClInclude>
    <ClInclude Include="..\id3tag.h">
      <Filter>Header Files</Filter>
    </ClInclude>
    <ClInclude Include="..\latin1.h">
      <Filter>Header Files</Filter>
    </ClInclude>
    <ClInclude Include="..\metadata.h">
      <Filter>Header Files</Filter>
    </ClInclude>
    <ClInclude Include="..\parse.h">
      <Filter>Header Files</Filter>
    </ClInclude>
    <ClInclude Include="..\render.h">
      <Filter>Header Files</Filter>
    </ClInclude>
    <ClInclude Include="..\tag.h">
      <Filter>Header Files</Filter>
    </ClInclude>
    <ClInclude Include="..\ucs4.h">
      <Filter>Header Files</Filter>
    </ClInclude>
    <ClInclude Include="..\utf16.h">
      <Filter>Header Files</Filter>
    </ClInclude>
    <ClInclude Include="..\utf8.h">
      <Filter>Header Files</Filter>
    </ClInclude>
    <ClInclude Include="..\util.h">
      <Filter>Header Files</Filter>
    </ClInclude>
    <ClInclude Include="..\version.h">
      <Filter>Header Files</Filter>
    </ClInclude>
  </ItemGroup>
  <ItemGroup>
    <None Include="..\genre.dat">
      <Filter>Data Files</Filter>
    </None>
  </ItemGroup>
</Project>