Microsoft Visual Studio Solution File, Format Version 10.00
# Visual C++ Express 2008
Project("{8BC9CEB8-8B4A-11D0-8D11-00A0C91BC942}") = "vgmstream", "win32.vcproj", "{3600E1C5-FECA-468C-83F3-FE467DBE2A66}"
EndProject
Global
	GlobalSection(SolutionConfigurationPlatforms) = preSolution
		Debug|Win32 = Debug|Win32
		Release|Win32 = Release|Win32
	EndGlobalSection
	GlobalSection(ProjectConfigurationPlatforms) = postSolution
		{3600E1C5-FECA-468C-83F3-FE467DBE2A66}.Debug|Win32.ActiveCfg = Debug|Win32
		{3600E1C5-FECA-468C-83F3-FE467DBE2A66}.Debug|Win32.Build.0 = Debug|Win32
		{3600E1C5-FECA-468C-83F3-FE467DBE2A66}.Release|Win32.ActiveCfg = Release|Win32
		{3600E1C5-FECA-468C-83F3-FE467DBE2A66}.Release|Win32.Build.0 = Release|Win32
	EndGlobalSection
	GlobalSection(SolutionProperties) = preSolution
		HideSolutionNode = FALSE
	EndGlobalSection
EndGlobal
