<?xml version="1.0" encoding="utf-8"?>
<Project ToolsVersion="4.0" xmlns="http://schemas.microsoft.com/developer/msbuild/2003">
  <ItemGroup>
    <ClCompile Include="..\..\xbmc\threads\Atomics.cpp" />
    <ClCompile Include="..\..\xbmc\threads\Event.cpp" />
    <ClCompile Include="..\..\xbmc\threads\LockFree.cpp" />
    <ClCompile Include="..\..\xbmc\threads\Thread.cpp" />
    <ClCompile Include="..\..\xbmc\threads\SystemClock.cpp" />
    <ClCompile Include="..\..\xbmc\threads\platform\Implementation.cpp">
      <Filter>platform</Filter>
    </ClCompile>
    <ClCompile Include="..\..\xbmc\threads\platform\win\Win32Exception.cpp">
      <Filter>platform\win</Filter>
    </ClCompile>
    <ClCompile Include="..\..\xbmc\threads\Timer.cpp" />
  </ItemGroup>
  <ItemGroup>
    <ClInclude Include="..\..\xbmc\threads\Atomics.h" />
    <ClInclude Include="..\..\xbmc\threads\Condition.h" />
    <ClInclude Include="..\..\xbmc\threads\CriticalSection.h" />
    <ClInclude Include="..\..\xbmc\threads\Event.h" />
    <ClInclude Include="..\..\xbmc\threads\Helpers.h" />
    <ClInclude Include="..\..\xbmc\threads\Lockables.h" />
    <ClInclude Include="..\..\xbmc\threads\LockFree.h" />
    <ClInclude Include="..\..\xbmc\threads\SharedSection.h" />
    <ClInclude Include="..\..\xbmc\threads\SingleLock.h" />
    <ClInclude Include="..\..\xbmc\threads\Thread.h" />
    <ClInclude Include="..\..\xbmc\threads\ThreadImpl.h" />
    <ClInclude Include="..\..\xbmc\threads\ThreadLocal.h" />
    <ClInclude Include="..\..\xbmc\threads\platform\Condition.h">
      <Filter>platform</Filter>
    </ClInclude>
    <ClInclude Include="..\..\xbmc\threads\platform\CriticalSection.h">
      <Filter>platform</Filter>
    </ClInclude>
    <ClInclude Include="..\..\xbmc\threads\platform\ThreadLocal.h">
      <Filter>platform</Filter>
    </ClInclude>
    <ClInclude Include="..\..\xbmc\threads\platform\win\Condition.h">
      <Filter>platform\win</Filter>
    </ClInclude>
    <ClInclude Include="..\..\xbmc\threads\platform\win\CriticalSection.h">
      <Filter>platform\win</Filter>
    </ClInclude>
    <ClInclude Include="..\..\xbmc\threads\platform\win\ThreadLocal.h">
      <Filter>platform\win</Filter>
    </ClInclude>
    <ClInclude Include="..\..\xbmc\threads\SystemClock.h" />
    <ClInclude Include="..\..\xbmc\threads\platform\win\ThreadImpl.h">
      <Filter>platform\win</Filter>
    </ClInclude>
    <ClInclude Include="..\..\xbmc\threads\platform\win\ThreadImpl.cpp">
      <Filter>platform\win</Filter>
    </ClInclude>
    <ClInclude Include="..\..\xbmc\threads\platform\ThreadImpl.h">
      <Filter>platform</Filter>
    </ClInclude>
    <ClInclude Include="..\..\xbmc\threads\platform\ThreadImpl.cpp">
      <Filter>platform</Filter>
    </ClInclude>
    <ClInclude Include="..\..\xbmc\threads\platform\win\Implementation.cpp">
      <Filter>platform\win</Filter>
    </ClInclude>
    <ClInclude Include="..\..\xbmc\threads\platform\win\Win32Exception.h">
      <Filter>platform\win</Filter>
    </ClInclude>
    <ClInclude Include="..\..\xbmc\threads\Timer.h" />
  </ItemGroup>
  <ItemGroup>
    <Filter Include="platform">
      <UniqueIdentifier>{9ceef07b-633f-4f74-a45f-1a53ec0b1ab4}</UniqueIdentifier>
    </Filter>
    <Filter Include="platform\win">
      <UniqueIdentifier>{260ff9eb-2873-4bb8-8694-81aad4e2fedc}</UniqueIdentifier>
    </Filter>
  </ItemGroup>
</Project>