<?xml version="1.0" encoding="utf-8"?>
<Project ToolsVersion="4.0" xmlns="http://schemas.microsoft.com/developer/msbuild/2003">
  <ItemGroup>
    <Filter Include="Source Files">
      <UniqueIdentifier>{4FC737F1-C7A5-4376-A066-2A32D752A2FF}</UniqueIdentifier>
      <Extensions>cpp;c;cc;cxx;def;odl;idl;hpj;bat;asm;asmx</Extensions>
    </Filter>
    <Filter Include="Header Files">
      <UniqueIdentifier>{93995380-89BD-4b04-88EB-625FBE52EBFB}</UniqueIdentifier>
      <Extensions>h;hpp;hxx;hm;inl;inc;xsd</Extensions>
    </Filter>
  </ItemGroup>
  <ItemGroup>
    <ClCompile Include="..\lib\iconv.c">
      <Filter>Source Files</Filter>
    </ClCompile>
    <ClCompile Include="..\libcharset\lib\localcharset.c">
      <Filter>Source Files</Filter>
    </ClCompile>
    <ClCompile Include="..\lib\relocatable.c">
      <Filter>Source Files</Filter>
    </ClCompile>
  </ItemGroup>
  <ItemGroup>
    <ClInclude Include="..\lib\aliases.h">
      <Filter>Header Files</Filter>
    </ClInclude>
    <ClInclude Include="..\lib\aliases2.h">
      <Filter>Header Files</Filter>
    </ClInclude>
    <ClInclude Include="..\lib\aliases_aix.h">
      <Filter>Header Files</Filter>
    </ClInclude>
    <ClInclude Include="..\lib\aliases_aix_sysaix.h">
      <Filter>Header Files</Filter>
    </ClInclude>
    <ClInclude Include="..\lib\aliases_dos.h">
      <Filter>Header Files</Filter>
    </ClInclude>
    <ClInclude Include="..\lib\aliases_extra.h">
      <Filter>Header Files</Filter>
    </ClInclude>
    <ClInclude Include="..\lib\aliases_osf1.h">
      <Filter>Header Files</Filter>
    </ClInclude>
    <ClInclude Include="..\lib\aliases_osf1_sysosf1.h">
      <Filter>Header Files</Filter>
    </ClInclude>
    <ClInclude Include="..\lib\aliases_sysaix.h">
      <Filter>Header Files</Filter>
    </ClInclude>
    <ClInclude Include="..\lib\aliases_syshpux.h">
      <Filter>Header Files</Filter>
    </ClInclude>
    <ClInclude Include="..\lib\aliases_sysosf1.h">
      <Filter>Header Files</Filter>
    </ClInclude>
    <ClInclude Include="..\lib\aliases_syssolaris.h">
      <Filter>Header Files</Filter>
    </ClInclude>
    <ClInclude Include="..\lib\armscii_8.h">
      <Filter>Header Files</Filter>
    </ClInclude>
    <ClInclude Include="..\lib\ascii.h">
      <Filter>Header Files</Filter>
    </ClInclude>
    <ClInclude Include="..\lib\atarist.h">
      <Filter>Header Files</Filter>
    </ClInclude>
    <ClInclude Include="..\lib\big5.h">
      <Filter>Header Files</Filter>
    </ClInclude>
    <ClInclude Include="..\lib\big5_2003.h">
      <Filter>Header Files</Filter>
    </ClInclude>
    <ClInclude Include="..\lib\big5hkscs1999.h">
      <Filter>Header Files</Filter>
    </ClInclude>
    <ClInclude Include="..\lib\big5hkscs2001.h">
      <Filter>Header Files</Filter>
    </ClInclude>
    <ClInclude Include="..\lib\big5hkscs2004.h">
      <Filter>Header Files</Filter>
    </ClInclude>
    <ClInclude Include="..\lib\c99.h">
      <Filter>Header Files</Filter>
    </ClInclude>
    <ClInclude Include="..\lib\canonical.h">
      <Filter>Header Files</Filter>
    </ClInclude>
    <ClInclude Include="..\lib\canonical_aix.h">
      <Filter>Header Files</Filter>
    </ClInclude>
    <ClInclude Include="..\lib\canonical_aix_sysaix.h">
      <Filter>Header Files</Filter>
    </ClInclude>
    <ClInclude Include="..\lib\canonical_dos.h">
      <Filter>Header Files</Filter>
    </ClInclude>
    <ClInclude Include="..\lib\canonical_extra.h">
      <Filter>Header Files</Filter>
    </ClInclude>
    <ClInclude Include="..\lib\canonical_local.h">
      <Filter>Header Files</Filter>
    </ClInclude>
    <ClInclude Include="..\lib\canonical_local_sysaix.h">
      <Filter>Header Files</Filter>
    </ClInclude>
    <ClInclude Include="..\lib\canonical_local_syshpux.h">
      <Filter>Header Files</Filter>
    </ClInclude>
    <ClInclude Include="..\lib\canonical_local_sysosf1.h">
      <Filter>Header Files</Filter>
    </ClInclude>
    <ClInclude Include="..\lib\canonical_local_syssolaris.h">
      <Filter>Header Files</Filter>
    </ClInclude>
    <ClInclude Include="..\lib\canonical_osf1.h">
      <Filter>Header Files</Filter>
    </ClInclude>
    <ClInclude Include="..\lib\canonical_osf1_sysosf1.h">
      <Filter>Header Files</Filter>
    </ClInclude>
    <ClInclude Include="..\lib\canonical_sysaix.h">
      <Filter>Header Files</Filter>
    </ClInclude>
    <ClInclude Include="..\lib\canonical_syshpux.h">
      <Filter>Header Files</Filter>
    </ClInclude>
    <ClInclude Include="..\lib\canonical_sysosf1.h">
      <Filter>Header Files</Filter>
    </ClInclude>
    <ClInclude Include="..\lib\canonical_syssolaris.h">
      <Filter>Header Files</Filter>
    </ClInclude>
    <ClInclude Include="..\lib\ces_big5.h">
      <Filter>Header Files</Filter>
    </ClInclude>
    <ClInclude Include="..\lib\ces_gbk.h">
      <Filter>Header Files</Filter>
    </ClInclude>
    <ClInclude Include="..\lib\cjk_variants.h">
      <Filter>Header Files</Filter>
    </ClInclude>
    <ClInclude Include="..\lib\cns11643.h">
      <Filter>Header Files</Filter>
    </ClInclude>
    <ClInclude Include="..\lib\cns11643_1.h">
      <Filter>Header Files</Filter>
    </ClInclude>
    <ClInclude Include="..\lib\cns11643_15.h">
      <Filter>Header Files</Filter>
    </ClInclude>
    <ClInclude Include="..\lib\cns11643_2.h">
      <Filter>Header Files</Filter>
    </ClInclude>
    <ClInclude Include="..\lib\cns11643_3.h">
      <Filter>Header Files</Filter>
    </ClInclude>
    <ClInclude Include="..\lib\cns11643_4.h">
      <Filter>Header Files</Filter>
    </ClInclude>
    <ClInclude Include="..\lib\cns11643_4a.h">
      <Filter>Header Files</Filter>
    </ClInclude>
    <ClInclude Include="..\lib\cns11643_4b.h">
      <Filter>Header Files</Filter>
    </ClInclude>
    <ClInclude Include="..\lib\cns11643_5.h">
      <Filter>Header Files</Filter>
    </ClInclude>
    <ClInclude Include="..\lib\cns11643_6.h">
      <Filter>Header Files</Filter>
    </ClInclude>
    <ClInclude Include="..\lib\cns11643_7.h">
      <Filter>Header Files</Filter>
    </ClInclude>
    <ClInclude Include="..\lib\cns11643_inv.h">
      <Filter>Header Files</Filter>
    </ClInclude>
    <ClInclude Include="config.h">
      <Filter>Header Files</Filter>
    </ClInclude>
    <ClInclude Include="..\lib\converters.h">
      <Filter>Header Files</Filter>
    </ClInclude>
    <ClInclude Include="..\lib\cp1046.h">
      <Filter>Header Files</Filter>
    </ClInclude>
    <ClInclude Include="..\lib\cp1124.h">
      <Filter>Header Files</Filter>
    </ClInclude>
    <ClInclude Include="..\lib\cp1125.h">
      <Filter>Header Files</Filter>
    </ClInclude>
    <ClInclude Include="..\lib\cp1129.h">
      <Filter>Header Files</Filter>
    </ClInclude>
    <ClInclude Include="..\lib\cp1131.h">
      <Filter>Header Files</Filter>
    </ClInclude>
    <ClInclude Include="..\lib\cp1133.h">
      <Filter>Header Files</Filter>
    </ClInclude>
    <ClInclude Include="..\lib\cp1161.h">
      <Filter>Header Files</Filter>
    </ClInclude>
    <ClInclude Include="..\lib\cp1162.h">
      <Filter>Header Files</Filter>
    </ClInclude>
    <ClInclude Include="..\lib\cp1163.h">
      <Filter>Header Files</Filter>
    </ClInclude>
    <ClInclude Include="..\lib\cp1250.h">
      <Filter>Header Files</Filter>
    </ClInclude>
    <ClInclude Include="..\lib\cp1251.h">
      <Filter>Header Files</Filter>
    </ClInclude>
    <ClInclude Include="..\lib\cp1252.h">
      <Filter>Header Files</Filter>
    </ClInclude>
    <ClInclude Include="..\lib\cp1253.h">
      <Filter>Header Files</Filter>
    </ClInclude>
    <ClInclude Include="..\lib\cp1254.h">
      <Filter>Header Files</Filter>
    </ClInclude>
    <ClInclude Include="..\lib\cp1255.h">
      <Filter>Header Files</Filter>
    </ClInclude>
    <ClInclude Include="..\lib\cp1256.h">
      <Filter>Header Files</Filter>
    </ClInclude>
    <ClInclude Include="..\lib\cp1257.h">
      <Filter>Header Files</Filter>
    </ClInclude>
    <ClInclude Include="..\lib\cp1258.h">
      <Filter>Header Files</Filter>
    </ClInclude>
    <ClInclude Include="..\lib\cp437.h">
      <Filter>Header Files</Filter>
    </ClInclude>
    <ClInclude Include="..\lib\cp737.h">
      <Filter>Header Files</Filter>
    </ClInclude>
    <ClInclude Include="..\lib\cp775.h">
      <Filter>Header Files</Filter>
    </ClInclude>
    <ClInclude Include="..\lib\cp850.h">
      <Filter>Header Files</Filter>
    </ClInclude>
    <ClInclude Include="..\lib\cp852.h">
      <Filter>Header Files</Filter>
    </ClInclude>
    <ClInclude Include="..\lib\cp853.h">
      <Filter>Header Files</Filter>
    </ClInclude>
    <ClInclude Include="..\lib\cp855.h">
      <Filter>Header Files</Filter>
    </ClInclude>
    <ClInclude Include="..\lib\cp856.h">
      <Filter>Header Files</Filter>
    </ClInclude>
    <ClInclude Include="..\lib\cp857.h">
      <Filter>Header Files</Filter>
    </ClInclude>
    <ClInclude Include="..\lib\cp858.h">
      <Filter>Header Files</Filter>
    </ClInclude>
    <ClInclude Include="..\lib\cp860.h">
      <Filter>Header Files</Filter>
    </ClInclude>
    <ClInclude Include="..\lib\cp861.h">
      <Filter>Header Files</Filter>
    </ClInclude>
    <ClInclude Include="..\lib\cp862.h">
      <Filter>Header Files</Filter>
    </ClInclude>
    <ClInclude Include="..\lib\cp863.h">
      <Filter>Header Files</Filter>
    </ClInclude>
    <ClInclude Include="..\lib\cp864.h">
      <Filter>Header Files</Filter>
    </ClInclude>
    <ClInclude Include="..\lib\cp865.h">
      <Filter>Header Files</Filter>
    </ClInclude>
    <ClInclude Include="..\lib\cp866.h">
      <Filter>Header Files</Filter>
    </ClInclude>
    <ClInclude Include="..\lib\cp869.h">
      <Filter>Header Files</Filter>
    </ClInclude>
    <ClInclude Include="..\lib\cp874.h">
      <Filter>Header Files</Filter>
    </ClInclude>
    <ClInclude Include="..\lib\cp922.h">
      <Filter>Header Files</Filter>
    </ClInclude>
    <ClInclude Include="..\lib\cp932.h">
      <Filter>Header Files</Filter>
    </ClInclude>
    <ClInclude Include="..\lib\cp932ext.h">
      <Filter>Header Files</Filter>
    </ClInclude>
    <ClInclude Include="..\lib\cp936.h">
      <Filter>Header Files</Filter>
    </ClInclude>
    <ClInclude Include="..\lib\cp936ext.h">
      <Filter>Header Files</Filter>
    </ClInclude>
    <ClInclude Include="..\lib\cp943.h">
      <Filter>Header Files</Filter>
    </ClInclude>
    <ClInclude Include="..\lib\cp949.h">
      <Filter>Header Files</Filter>
    </ClInclude>
    <ClInclude Include="..\lib\cp950.h">
      <Filter>Header Files</Filter>
    </ClInclude>
    <ClInclude Include="..\lib\cp950ext.h">
      <Filter>Header Files</Filter>
    </ClInclude>
    <ClInclude Include="..\lib\dec_hanyu.h">
      <Filter>Header Files</Filter>
    </ClInclude>
    <ClInclude Include="..\lib\dec_kanji.h">
      <Filter>Header Files</Filter>
    </ClInclude>
    <ClInclude Include="..\lib\euc_cn.h">
      <Filter>Header Files</Filter>
    </ClInclude>
    <ClInclude Include="..\lib\euc_jisx0213.h">
      <Filter>Header Files</Filter>
    </ClInclude>
    <ClInclude Include="..\lib\euc_jp.h">
      <Filter>Header Files</Filter>
    </ClInclude>
    <ClInclude Include="..\lib\euc_kr.h">
      <Filter>Header Files</Filter>
    </ClInclude>
    <ClInclude Include="..\lib\euc_tw.h">
      <Filter>Header Files</Filter>
    </ClInclude>
    <ClInclude Include="..\lib\flags.h">
      <Filter>Header Files</Filter>
    </ClInclude>
    <ClInclude Include="..\lib\flushwc.h">
      <Filter>Header Files</Filter>
    </ClInclude>
    <ClInclude Include="..\lib\gb12345.h">
      <Filter>Header Files</Filter>
    </ClInclude>
    <ClInclude Include="..\lib\gb12345ext.h">
      <Filter>Header Files</Filter>
    </ClInclude>
    <ClInclude Include="..\lib\gb18030.h">
      <Filter>Header Files</Filter>
    </ClInclude>
    <ClInclude Include="..\lib\gb18030ext.h">
      <Filter>Header Files</Filter>
    </ClInclude>
    <ClInclude Include="..\lib\gb18030uni.h">
      <Filter>Header Files</Filter>
    </ClInclude>
    <ClInclude Include="..\lib\gb2312.h">
      <Filter>Header Files</Filter>
    </ClInclude>
    <ClInclude Include="..\lib\gbk.h">
      <Filter>Header Files</Filter>
    </ClInclude>
    <ClInclude Include="..\lib\gbkext1.h">
      <Filter>Header Files</Filter>
    </ClInclude>
    <ClInclude Include="..\lib\gbkext2.h">
      <Filter>Header Files</Filter>
    </ClInclude>
    <ClInclude Include="..\lib\gbkext_inv.h">
      <Filter>Header Files</Filter>
    </ClInclude>
    <ClInclude Include="..\lib\georgian_academy.h">
      <Filter>Header Files</Filter>
    </ClInclude>
    <ClInclude Include="..\lib\georgian_ps.h">
      <Filter>Header Files</Filter>
    </ClInclude>
    <ClInclude Include="..\lib\hkscs1999.h">
      <Filter>Header Files</Filter>
    </ClInclude>
    <ClInclude Include="..\lib\hkscs2001.h">
      <Filter>Header Files</Filter>
    </ClInclude>
    <ClInclude Include="..\lib\hkscs2004.h">
      <Filter>Header Files</Filter>
    </ClInclude>
    <ClInclude Include="..\lib\hp_roman8.h">
      <Filter>Header Files</Filter>
    </ClInclude>
    <ClInclude Include="..\lib\hz.h">
      <Filter>Header Files</Filter>
    </ClInclude>
    <ClInclude Include="..\lib\iconv_open1.h">
      <Filter>Header Files</Filter>
    </ClInclude>
    <ClInclude Include="..\lib\iconv_open2.h">
      <Filter>Header Files</Filter>
    </ClInclude>
    <ClInclude Include="..\lib\iso2022_cn.h">
      <Filter>Header Files</Filter>
    </ClInclude>
    <ClInclude Include="..\lib\iso2022_cnext.h">
      <Filter>Header Files</Filter>
    </ClInclude>
    <ClInclude Include="..\lib\iso2022_jp.h">
      <Filter>Header Files</Filter>
    </ClInclude>
    <ClInclude Include="..\lib\iso2022_jp1.h">
      <Filter>Header Files</Filter>
    </ClInclude>
    <ClInclude Include="..\lib\iso2022_jp2.h">
      <Filter>Header Files</Filter>
    </ClInclude>
    <ClInclude Include="..\lib\iso2022_jp3.h">
      <Filter>Header Files</Filter>
    </ClInclude>
    <ClInclude Include="..\lib\iso2022_kr.h">
      <Filter>Header Files</Filter>
    </ClInclude>
    <ClInclude Include="..\lib\iso646_cn.h">
      <Filter>Header Files</Filter>
    </ClInclude>
    <ClInclude Include="..\lib\iso646_jp.h">
      <Filter>Header Files</Filter>
    </ClInclude>
    <ClInclude Include="..\lib\iso8859_1.h">
      <Filter>Header Files</Filter>
    </ClInclude>
    <ClInclude Include="..\lib\iso8859_10.h">
      <Filter>Header Files</Filter>
    </ClInclude>
    <ClInclude Include="..\lib\iso8859_11.h">
      <Filter>Header Files</Filter>
    </ClInclude>
    <ClInclude Include="..\lib\iso8859_13.h">
      <Filter>Header Files</Filter>
    </ClInclude>
    <ClInclude Include="..\lib\iso8859_14.h">
      <Filter>Header Files</Filter>
    </ClInclude>
    <ClInclude Include="..\lib\iso8859_15.h">
      <Filter>Header Files</Filter>
    </ClInclude>
    <ClInclude Include="..\lib\iso8859_16.h">
      <Filter>Header Files</Filter>
    </ClInclude>
    <ClInclude Include="..\lib\iso8859_2.h">
      <Filter>Header Files</Filter>
    </ClInclude>
    <ClInclude Include="..\lib\iso8859_3.h">
      <Filter>Header Files</Filter>
    </ClInclude>
    <ClInclude Include="..\lib\iso8859_4.h">
      <Filter>Header Files</Filter>
    </ClInclude>
    <ClInclude Include="..\lib\iso8859_5.h">
      <Filter>Header Files</Filter>
    </ClInclude>
    <ClInclude Include="..\lib\iso8859_6.h">
      <Filter>Header Files</Filter>
    </ClInclude>
    <ClInclude Include="..\lib\iso8859_7.h">
      <Filter>Header Files</Filter>
    </ClInclude>
    <ClInclude Include="..\lib\iso8859_8.h">
      <Filter>Header Files</Filter>
    </ClInclude>
    <ClInclude Include="..\lib\iso8859_9.h">
      <Filter>Header Files</Filter>
    </ClInclude>
    <ClInclude Include="..\lib\isoir165.h">
      <Filter>Header Files</Filter>
    </ClInclude>
    <ClInclude Include="..\lib\isoir165ext.h">
      <Filter>Header Files</Filter>
    </ClInclude>
    <ClInclude Include="..\lib\java.h">
      <Filter>Header Files</Filter>
    </ClInclude>
    <ClInclude Include="..\lib\jisx0201.h">
      <Filter>Header Files</Filter>
    </ClInclude>
    <ClInclude Include="..\lib\jisx0208.h">
      <Filter>Header Files</Filter>
    </ClInclude>
    <ClInclude Include="..\lib\jisx0212.h">
      <Filter>Header Files</Filter>
    </ClInclude>
    <ClInclude Include="..\lib\jisx0213.h">
      <Filter>Header Files</Filter>
    </ClInclude>
    <ClInclude Include="..\lib\johab.h">
      <Filter>Header Files</Filter>
    </ClInclude>
    <ClInclude Include="..\lib\johab_hangul.h">
      <Filter>Header Files</Filter>
    </ClInclude>
    <ClInclude Include="..\lib\koi8_r.h">
      <Filter>Header Files</Filter>
    </ClInclude>
    <ClInclude Include="..\lib\koi8_ru.h">
      <Filter>Header Files</Filter>
    </ClInclude>
    <ClInclude Include="..\lib\koi8_t.h">
      <Filter>Header Files</Filter>
    </ClInclude>
    <ClInclude Include="..\lib\koi8_u.h">
      <Filter>Header Files</Filter>
    </ClInclude>
    <ClInclude Include="..\lib\ksc5601.h">
      <Filter>Header Files</Filter>
    </ClInclude>
    <ClInclude Include="..\lib\loop_unicode.h">
      <Filter>Header Files</Filter>
    </ClInclude>
    <ClInclude Include="..\lib\loop_wchar.h">
      <Filter>Header Files</Filter>
    </ClInclude>
    <ClInclude Include="..\lib\loops.h">
      <Filter>Header Files</Filter>
    </ClInclude>
    <ClInclude Include="..\lib\mac_arabic.h">
      <Filter>Header Files</Filter>
    </ClInclude>
    <ClInclude Include="..\lib\mac_centraleurope.h">
      <Filter>Header Files</Filter>
    </ClInclude>
    <ClInclude Include="..\lib\mac_croatian.h">
      <Filter>Header Files</Filter>
    </ClInclude>
    <ClInclude Include="..\lib\mac_cyrillic.h">
      <Filter>Header Files</Filter>
    </ClInclude>
    <ClInclude Include="..\lib\mac_greek.h">
      <Filter>Header Files</Filter>
    </ClInclude>
    <ClInclude Include="..\lib\mac_hebrew.h">
      <Filter>Header Files</Filter>
    </ClInclude>
    <ClInclude Include="..\lib\mac_iceland.h">
      <Filter>Header Files</Filter>
    </ClInclude>
    <ClInclude Include="..\lib\mac_roman.h">
      <Filter>Header Files</Filter>
    </ClInclude>
    <ClInclude Include="..\lib\mac_romania.h">
      <Filter>Header Files</Filter>
    </ClInclude>
    <ClInclude Include="..\lib\mac_thai.h">
      <Filter>Header Files</Filter>
    </ClInclude>
    <ClInclude Include="..\lib\mac_turkish.h">
      <Filter>Header Files</Filter>
    </ClInclude>
    <ClInclude Include="..\lib\mac_ukraine.h">
      <Filter>Header Files</Filter>
    </ClInclude>
    <ClInclude Include="..\lib\mulelao.h">
      <Filter>Header Files</Filter>
    </ClInclude>
    <ClInclude Include="..\lib\nextstep.h">
      <Filter>Header Files</Filter>
    </ClInclude>
    <ClInclude Include="..\lib\pt154.h">
      <Filter>Header Files</Filter>
    </ClInclude>
    <ClInclude Include="..\lib\relocatable.h">
      <Filter>Header Files</Filter>
    </ClInclude>
    <ClInclude Include="..\lib\riscos1.h">
      <Filter>Header Files</Filter>
    </ClInclude>
    <ClInclude Include="..\lib\rk1048.h">
      <Filter>Header Files</Filter>
    </ClInclude>
    <ClInclude Include="..\lib\shift_jisx0213.h">
      <Filter>Header Files</Filter>
    </ClInclude>
    <ClInclude Include="..\lib\sjis.h">
      <Filter>Header Files</Filter>
    </ClInclude>
    <ClInclude Include="..\lib\tcvn.h">
      <Filter>Header Files</Filter>
    </ClInclude>
    <ClInclude Include="..\lib\tds565.h">
      <Filter>Header Files</Filter>
    </ClInclude>
    <ClInclude Include="..\lib\tis620.h">
      <Filter>Header Files</Filter>
    </ClInclude>
    <ClInclude Include="..\lib\translit.h">
      <Filter>Header Files</Filter>
    </ClInclude>
    <ClInclude Include="..\lib\ucs2.h">
      <Filter>Header Files</Filter>
    </ClInclude>
    <ClInclude Include="..\lib\ucs2be.h">
      <Filter>Header Files</Filter>
    </ClInclude>
    <ClInclude Include="..\lib\ucs2internal.h">
      <Filter>Header Files</Filter>
    </ClInclude>
    <ClInclude Include="..\lib\ucs2le.h">
      <Filter>Header Files</Filter>
    </ClInclude>
    <ClInclude Include="..\lib\ucs2swapped.h">
      <Filter>Header Files</Filter>
    </ClInclude>
    <ClInclude Include="..\lib\ucs4.h">
      <Filter>Header Files</Filter>
    </ClInclude>
    <ClInclude Include="..\lib\ucs4be.h">
      <Filter>Header Files</Filter>
    </ClInclude>
    <ClInclude Include="..\lib\ucs4internal.h">
      <Filter>Header Files</Filter>
    </ClInclude>
    <ClInclude Include="..\lib\ucs4le.h">
      <Filter>Header Files</Filter>
    </ClInclude>
    <ClInclude Include="..\lib\ucs4swapped.h">
      <Filter>Header Files</Filter>
    </ClInclude>
    <ClInclude Include="..\lib\uhc_1.h">
      <Filter>Header Files</Filter>
    </ClInclude>
    <ClInclude Include="..\lib\uhc_2.h">
      <Filter>Header Files</Filter>
    </ClInclude>
    <ClInclude Include="..\lib\utf16.h">
      <Filter>Header Files</Filter>
    </ClInclude>
    <ClInclude Include="..\lib\utf16be.h">
      <Filter>Header Files</Filter>
    </ClInclude>
    <ClInclude Include="..\lib\utf16le.h">
      <Filter>Header Files</Filter>
    </ClInclude>
    <ClInclude Include="..\lib\utf32.h">
      <Filter>Header Files</Filter>
    </ClInclude>
    <ClInclude Include="..\lib\utf32be.h">
      <Filter>Header Files</Filter>
    </ClInclude>
    <ClInclude Include="..\lib\utf32le.h">
      <Filter>Header Files</Filter>
    </ClInclude>
    <ClInclude Include="..\lib\utf7.h">
      <Filter>Header Files</Filter>
    </ClInclude>
    <ClInclude Include="..\lib\utf8.h">
      <Filter>Header Files</Filter>
    </ClInclude>
    <ClInclude Include="..\lib\vietcomb.h">
      <Filter>Header Files</Filter>
    </ClInclude>
    <ClInclude Include="..\lib\viscii.h">
      <Filter>Header Files</Filter>
    </ClInclude>
  </ItemGroup>
</Project>