<?xml version="1.0" encoding="utf-8"?>
<Project ToolsVersion="4.0" xmlns="http://schemas.microsoft.com/developer/msbuild/2003">
  <ItemGroup>
    <Filter Include="Headers">
      <UniqueIdentifier>{2a7a79ad-c743-4736-8f66-59475e1c0139}</UniqueIdentifier>
    </Filter>
    <Filter Include="Sources">
      <UniqueIdentifier>{ae8e6c96-a796-42ac-801c-841c4c8102f4}</UniqueIdentifier>
    </Filter>
  </ItemGroup>
  <ItemGroup>
    <ClInclude Include="..\libass\ass.h">
      <Filter>Headers</Filter>
    </ClInclude>
    <ClInclude Include="..\libass\ass_bitmap.h">
      <Filter>Headers</Filter>
    </ClInclude>
    <ClInclude Include="..\libass\ass_cache.h">
      <Filter>Headers</Filter>
    </ClInclude>
    <ClInclude Include="..\libass\ass_cache_template.h">
      <Filter>Headers</Filter>
    </ClInclude>
    <ClInclude Include="..\libass\ass_drawing.h">
      <Filter>Headers</Filter>
    </ClInclude>
    <ClInclude Include="..\libass\ass_font.h">
      <Filter>Headers</Filter>
    </ClInclude>
    <ClInclude Include="..\libass\ass_fontconfig.h">
      <Filter>Headers</Filter>
    </ClInclude>
    <ClInclude Include="..\libass\ass_library.h">
      <Filter>Headers</Filter>
    </ClInclude>
    <ClInclude Include="..\libass\ass_types.h">
      <Filter>Headers</Filter>
    </ClInclude>
    <ClInclude Include="..\libass\ass_utils.h">
      <Filter>Headers</Filter>
    </ClInclude>
    <ClInclude Include="..\libass\msvc.h">
      <Filter>Headers</Filter>
    </ClInclude>
    <ClInclude Include="config.h" />
  </ItemGroup>
  <ItemGroup>
    <ClCompile Include="..\libass\ass.c">
      <Filter>Sources</Filter>
    </ClCompile>
    <ClCompile Include="..\libass\ass_bitmap.c">
      <Filter>Sources</Filter>
    </ClCompile>
    <ClCompile Include="..\libass\ass_cache.c">
      <Filter>Sources</Filter>
    </ClCompile>
    <ClCompile Include="..\libass\ass_drawing.c">
      <Filter>Sources</Filter>
    </ClCompile>
    <ClCompile Include="..\libass\ass_font.c">
      <Filter>Sources</Filter>
    </ClCompile>
    <ClCompile Include="..\libass\ass_fontconfig.c">
      <Filter>Sources</Filter>
    </ClCompile>
    <ClCompile Include="..\libass\ass_library.c">
      <Filter>Sources</Filter>
    </ClCompile>
    <ClCompile Include="..\libass\ass_render.c">
      <Filter>Sources</Filter>
    </ClCompile>
    <ClCompile Include="..\libass\ass_utils.c">
      <Filter>Sources</Filter>
    </ClCompile>
  </ItemGroup>
</Project>