<?xml version="1.0" encoding="utf-8"?>
<Project ToolsVersion="4.0" xmlns="http://schemas.microsoft.com/developer/msbuild/2003">
  <ItemGroup>
    <Filter Include="Source Files">
      <UniqueIdentifier>{84888ac2-91af-430d-bb03-3f815ac0d169}</UniqueIdentifier>
      <Extensions>c</Extensions>
    </Filter>
    <Filter Include="Header Files">
      <UniqueIdentifier>{940dfea2-25b8-4eef-8cb7-60ef8e1d06b4}</UniqueIdentifier>
      <Extensions>h</Extensions>
    </Filter>
    <Filter Include="Data Files">
      <UniqueIdentifier>{42f2ad9e-6211-46fc-b63a-a26533b4df35}</UniqueIdentifier>
      <Extensions>dat</Extensions>
    </Filter>
  </ItemGroup>
  <ItemGroup>
    <ClCompile Include="..\bit.c">
      <Filter>Source Files</Filter>
    </ClCompile>
    <ClCompile Include="..\decoder.c">
      <Filter>Source Files</Filter>
    </ClCompile>
    <ClCompile Include="..\fixed.c">
      <Filter>Source Files</Filter>
    </ClCompile>
    <ClCompile Include="..\frame.c">
      <Filter>Source Files</Filter>
    </ClCompile>
    <ClCompile Include="..\huffman.c">
      <Filter>Source Files</Filter>
    </ClCompile>
    <ClCompile Include="..\layer12.c">
      <Filter>Source Files</Filter>
    </ClCompile>
    <ClCompile Include="..\layer3.c">
      <Filter>Source Files</Filter>
    </ClCompile>
    <ClCompile Include="..\stream.c">
      <Filter>Source Files</Filter>
    </ClCompile>
    <ClCompile Include="..\synth.c">
      <Filter>Source Files</Filter>
    </ClCompile>
    <ClCompile Include="..\timer.c">
      <Filter>Source Files</Filter>
    </ClCompile>
    <ClCompile Include="..\version.c">
      <Filter>Source Files</Filter>
    </ClCompile>
  </ItemGroup>
  <ItemGroup>
    <ClInclude Include="..\bit.h">
      <Filter>Header Files</Filter>
    </ClInclude>
    <ClInclude Include="config.h">
      <Filter>Header Files</Filter>
    </ClInclude>
    <ClInclude Include="..\decoder.h">
      <Filter>Header Files</Filter>
    </ClInclude>
    <ClInclude Include="..\fixed.h">
      <Filter>Header Files</Filter>
    </ClInclude>
    <ClInclude Include="..\frame.h">
      <Filter>Header Files</Filter>
    </ClInclude>
    <ClInclude Include="..\global.h">
      <Filter>Header Files</Filter>
    </ClInclude>
    <ClInclude Include="..\huffman.h">
      <Filter>Header Files</Filter>
    </ClInclude>
    <ClInclude Include="..\layer12.h">
      <Filter>Header Files</Filter>
    </ClInclude>
    <ClInclude Include="..\layer3.h">
      <Filter>Header Files</Filter>
    </ClInclude>
    <ClInclude Include="..\stream.h">
      <Filter>Header Files</Filter>
    </ClInclude>
    <ClInclude Include="..\synth.h">
      <Filter>Header Files</Filter>
    </ClInclude>
    <ClInclude Include="..\timer.h">
      <Filter>Header Files</Filter>
    </ClInclude>
    <ClInclude Include="..\version.h">
      <Filter>Header Files</Filter>
    </ClInclude>
  </ItemGroup>
  <ItemGroup>
    <None Include="..\D.dat">
      <Filter>Data Files</Filter>
    </None>
    <None Include="..\imdct_s.dat">
      <Filter>Data Files</Filter>
    </None>
    <None Include="..\qc_table.dat">
      <Filter>Data Files</Filter>
    </None>
    <None Include="..\rq_table.dat">
      <Filter>Data Files</Filter>
    </None>
    <None Include="..\sf_table.dat">
      <Filter>Data Files</Filter>
    </None>
  </ItemGroup>
</Project>