Microsoft Visual Studio Solution File, Format Version 8.00
Project("{8BC9CEB8-8B4A-11D0-8D11-00A0C91BC942}") = "ShadeWorm", "ShadeWorm.vcproj", "{E4502872-59BE-46F0-A7CA-5B7D3852638D}"
	ProjectSection(ProjectDependencies) = postProject
	EndProjectSection
EndProject
Global
	GlobalSection(SolutionConfiguration) = preSolution
		Debug = Debug
		Release = Release
	EndGlobalSection
	GlobalSection(ProjectConfiguration) = postSolution
		{E4502872-59BE-46F0-A7CA-5B7D3852638D}.Debug.ActiveCfg = Debug|Win32
		{E4502872-59BE-46F0-A7CA-5B7D3852638D}.Debug.Build.0 = Debug|Win32
		{E4502872-59BE-46F0-A7CA-5B7D3852638D}.Release.ActiveCfg = Release|Win32
		{E4502872-59BE-46F0-A7CA-5B7D3852638D}.Release.Build.0 = Release|Win32
	EndGlobalSection
	GlobalSection(ExtensibilityGlobals) = postSolution
	EndGlobalSection
	GlobalSection(ExtensibilityAddIns) = postSolution
	EndGlobalSection
EndGlobal
