Microsoft Visual Studio Solution File, Format Version 8.00
Project("{8BC9CEB8-8B4A-11D0-8D11-00A0C91BC942}") = "Boxalizer", "Boxalizer.vcproj", "{6EC8CEB4-94EC-490D-90C0-220B033C5A33}"
	ProjectSection(ProjectDependencies) = postProject
	EndProjectSection
EndProject
Global
	GlobalSection(SolutionConfiguration) = preSolution
		Debug = Debug
		Release = Release
	EndGlobalSection
	GlobalSection(ProjectConfiguration) = postSolution
		{6EC8CEB4-94EC-490D-90C0-220B033C5A33}.Debug.ActiveCfg = Debug|Win32
		{6EC8CEB4-94EC-490D-90C0-220B033C5A33}.Debug.Build.0 = Debug|Win32
		{6EC8CEB4-94EC-490D-90C0-220B033C5A33}.Release.ActiveCfg = Release|Win32
		{6EC8CEB4-94EC-490D-90C0-220B033C5A33}.Release.Build.0 = Release|Win32
	EndGlobalSection
	GlobalSection(ExtensibilityGlobals) = postSolution
	EndGlobalSection
	GlobalSection(ExtensibilityAddIns) = postSolution
	EndGlobalSection
EndGlobal
