<?xml version="1.0" encoding="utf-8"?>
<Project ToolsVersion="4.0" xmlns="http://schemas.microsoft.com/developer/msbuild/2003">
  <ItemGroup>
    <Filter Include="Source Files">
      <UniqueIdentifier>{8e54db02-296e-413e-b2f1-adf9392c45e7}</UniqueIdentifier>
      <Extensions>cpp;c;cxx;def;odl;idl;hpj;bat;asm</Extensions>
    </Filter>
    <Filter Include="Header Files">
      <UniqueIdentifier>{5ab1ccc0-06ff-4b88-aa17-198901e8bf8f}</UniqueIdentifier>
      <Extensions>h;hpp;hxx;hm;inl;inc</Extensions>
    </Filter>
    <Filter Include="Resource Files">
      <UniqueIdentifier>{f9169925-37dc-4fdd-bdf9-43fce969f005}</UniqueIdentifier>
      <Extensions>rc;ico;cur;bmp;dlg;rc2;rct;bin;rgs;gif;jpg;jpeg;jpe</Extensions>
    </Filter>
  </ItemGroup>
  <ItemGroup>
    <ClCompile Include="DSMPropertyBag.cpp">
      <Filter>Source Files</Filter>
    </ClCompile>
    <ClCompile Include="DSUtil.cpp">
      <Filter>Source Files</Filter>
    </ClCompile>
    <ClCompile Include="FontInstaller.cpp">
      <Filter>Source Files</Filter>
    </ClCompile>
    <ClCompile Include="GolombBuffer.cpp">
      <Filter>Source Files</Filter>
    </ClCompile>
    <ClCompile Include="H264Nalu.cpp">
      <Filter>Source Files</Filter>
    </ClCompile>
    <ClCompile Include="HdmvClipInfo.cpp">
      <Filter>Source Files</Filter>
    </ClCompile>
    <ClCompile Include="MediaTypes.cpp">
      <Filter>Source Files</Filter>
    </ClCompile>
    <ClCompile Include="stdafx.cpp">
      <Filter>Source Files</Filter>
    </ClCompile>
    <ClCompile Include="text.cpp">
      <Filter>Source Files</Filter>
    </ClCompile>
    <ClCompile Include="vd.cpp">
      <Filter>Source Files</Filter>
    </ClCompile>
    <ClCompile Include="Geometry.cpp">
      <Filter>Source Files</Filter>
    </ClCompile>
    <ClCompile Include="MediaTypeEx.cpp">
      <Filter>Source Files</Filter>
    </ClCompile>
    <ClCompile Include="NullRenderers.cpp">
      <Filter>Source Files</Filter>
    </ClCompile>
  </ItemGroup>
  <ItemGroup>
    <ClInclude Include="DSMPropertyBag.h">
      <Filter>Header Files</Filter>
    </ClInclude>
    <ClInclude Include="DSUtil.h">
      <Filter>Header Files</Filter>
    </ClInclude>
    <ClInclude Include="FontInstaller.h">
      <Filter>Header Files</Filter>
    </ClInclude>
    <ClInclude Include="GolombBuffer.h">
      <Filter>Header Files</Filter>
    </ClInclude>
    <ClInclude Include="H264Nalu.h">
      <Filter>Header Files</Filter>
    </ClInclude>
    <ClInclude Include="HdmvClipInfo.h">
      <Filter>Header Files</Filter>
    </ClInclude>
    <ClInclude Include="MediaTypes.h">
      <Filter>Header Files</Filter>
    </ClInclude>
    <ClInclude Include="simd_common.h">
      <Filter>Header Files</Filter>
    </ClInclude>
    <ClInclude Include="stdafx.h">
      <Filter>Header Files</Filter>
    </ClInclude>
    <ClInclude Include="text.h">
      <Filter>Header Files</Filter>
    </ClInclude>
    <ClInclude Include="vd.h">
      <Filter>Header Files</Filter>
    </ClInclude>
    <ClInclude Include="DshowCommon.h">
      <Filter>Header Files</Filter>
    </ClInclude>
    <ClInclude Include="smartptr.h">
      <Filter>Header Files</Filter>
    </ClInclude>
    <ClInclude Include="Geometry.h">
      <Filter>Header Files</Filter>
    </ClInclude>
    <ClInclude Include="MediaTypeEx.h">
      <Filter>Header Files</Filter>
    </ClInclude>
    <ClInclude Include="Mpeg2Def.h">
      <Filter>Header Files</Filter>
    </ClInclude>
    <ClInclude Include="NullRenderers.h">
      <Filter>Header Files</Filter>
    </ClInclude>
  </ItemGroup>
  <ItemGroup>
    <CustomBuild Include="convert_a.asm">
      <Filter>Source Files</Filter>
    </CustomBuild>
    <CustomBuild Include="a_yuvtable.asm">
      <Filter>Source Files</Filter>
    </CustomBuild>
    <CustomBuild Include="a_yuv2rgb.asm">
      <Filter>Source Files</Filter>
    </CustomBuild>
  </ItemGroup>
</Project>