Microsoft Visual Studio Solution File, Format Version 8.00
Project("{8BC9CEB8-8B4A-11D0-8D11-00A0C91BC942}") = "libRTV", "libRTV.vcproj", "{DD4818AE-7E35-40B7-A6A0-0FF83AA1C916}"
	ProjectSection(ProjectDependencies) = postProject
	EndProjectSection
EndProject
Global
	GlobalSection(SolutionConfiguration) = preSolution
		Debug = Debug
		Profile = Profile
		Profile_FastCap = Profile_FastCap
		Release = Release
		Release_LTCG = Release_LTCG
	EndGlobalSection
	GlobalSection(ProjectConfiguration) = postSolution
		{DD4818AE-7E35-40B7-A6A0-0FF83AA1C916}.Debug.ActiveCfg = Debug|Win32
		{DD4818AE-7E35-40B7-A6A0-0FF83AA1C916}.Debug.Build.0 = Debug|Win32
		{DD4818AE-7E35-40B7-A6A0-0FF83AA1C916}.Profile.ActiveCfg = Profile|Xbox
		{DD4818AE-7E35-40B7-A6A0-0FF83AA1C916}.Profile.Build.0 = Profile|Xbox
		{DD4818AE-7E35-40B7-A6A0-0FF83AA1C916}.Profile_FastCap.ActiveCfg = Profile_FastCap|Xbox
		{DD4818AE-7E35-40B7-A6A0-0FF83AA1C916}.Profile_FastCap.Build.0 = Profile_FastCap|Xbox
		{DD4818AE-7E35-40B7-A6A0-0FF83AA1C916}.Release.ActiveCfg = Release|Win32
		{DD4818AE-7E35-40B7-A6A0-0FF83AA1C916}.Release.Build.0 = Release|Win32
		{DD4818AE-7E35-40B7-A6A0-0FF83AA1C916}.Release_LTCG.ActiveCfg = Release_LTCG|Xbox
		{DD4818AE-7E35-40B7-A6A0-0FF83AA1C916}.Release_LTCG.Build.0 = Release_LTCG|Xbox
	EndGlobalSection
	GlobalSection(ExtensibilityGlobals) = postSolution
	EndGlobalSection
	GlobalSection(ExtensibilityAddIns) = postSolution
	EndGlobalSection
EndGlobal
